{
  "name": "@fendsh/cli",
  "version": "0.1.0-alpha.2",
  "lockfileVersion": 3,
  "requires": true,
  "packages": {
    "": {
      "name": "@fendsh/cli",
      "version": "0.1.0-alpha.2",
      "license": "MIT",
      "bin": {
        "fend": "bin/fend.js"
      },
      "engines": {
        "node": ">=18"
      },
      "optionalDependencies": {
        "@fendsh/cli-darwin-arm64": "0.1.0-alpha.2",
        "@fendsh/cli-linux-x64": "0.1.0-alpha.2"
      }
    },
    "node_modules/@fendsh/cli-darwin-arm64": {
      "optional": true
    },
    "node_modules/@fendsh/cli-linux-x64": {
      "optional": true
    }
  }
}
